
Microsoft Visual Studio Solution File, Format Version 12.00
# Visual Studio Version 16
VisualStudioVersion = 16.0.31402.337
MinimumVisualStudioVersion = 10.0.40219.1
Project("{FAE04EC0-301F-11D3-BF4B-00C04F79EFBC}") = "QuickApp", "QuickApp\QuickApp.csproj", "{FD61E598-E6AC-4CAC-B39F-25F458B0B19A}"
EndProject
Project("{8BC9CEB8-8B4A-11D0-8D11-00A0C91BC942}") = "CNavApi", "CNavApi\CNavApi.vcxproj", "{ECEF445D-2A41-4079-B3CC-9E790F7B77BC}"
EndProject
Global
	GlobalSection(SolutionConfigurationPlatforms) = preSolution
		Debug|Any CPU = Debug|Any CPU
		Debug|x64 = Debug|x64
		Debug|x86 = Debug|x86
		Release|Any CPU = Release|Any CPU
		Release|x64 = Release|x64
		Release|x86 = Release|x86
	EndGlobalSection
	GlobalSection(ProjectConfigurationPlatforms) = postSolution
		{FD61E598-E6AC-4CAC-B39F-25F458B0B19A}.Debug|Any CPU.ActiveCfg = Debug|Any CPU
		{FD61E598-E6AC-4CAC-B39F-25F458B0B19A}.Debug|Any CPU.Build.0 = Debug|Any CPU
		{FD61E598-E6AC-4CAC-B39F-25F458B0B19A}.Debug|x64.ActiveCfg = Debug|Any CPU
		{FD61E598-E6AC-4CAC-B39F-25F458B0B19A}.Debug|x64.Build.0 = Debug|Any CPU
		{FD61E598-E6AC-4CAC-B39F-25F458B0B19A}.Debug|x86.ActiveCfg = Debug|Any CPU
		{FD61E598-E6AC-4CAC-B39F-25F458B0B19A}.Debug|x86.Build.0 = Debug|Any CPU
		{FD61E598-E6AC-4CAC-B39F-25F458B0B19A}.Release|Any CPU.ActiveCfg = Release|Any CPU
		{FD61E598-E6AC-4CAC-B39F-25F458B0B19A}.Release|Any CPU.Build.0 = Release|Any CPU
		{FD61E598-E6AC-4CAC-B39F-25F458B0B19A}.Release|x64.ActiveCfg = Release|Any CPU
		{FD61E598-E6AC-4CAC-B39F-25F458B0B19A}.Release|x64.Build.0 = Release|Any CPU
		{FD61E598-E6AC-4CAC-B39F-25F458B0B19A}.Release|x86.ActiveCfg = Release|Any CPU
		{FD61E598-E6AC-4CAC-B39F-25F458B0B19A}.Release|x86.Build.0 = Release|Any CPU
		{ECEF445D-2A41-4079-B3CC-9E790F7B77BC}.Debug|Any CPU.ActiveCfg = Debug|Win32
		{ECEF445D-2A41-4079-B3CC-9E790F7B77BC}.Debug|x64.ActiveCfg = Debug|x64
		{ECEF445D-2A41-4079-B3CC-9E790F7B77BC}.Debug|x64.Build.0 = Debug|x64
		{ECEF445D-2A41-4079-B3CC-9E790F7B77BC}.Debug|x86.ActiveCfg = Debug|Win32
		{ECEF445D-2A41-4079-B3CC-9E790F7B77BC}.Debug|x86.Build.0 = Debug|Win32
		{ECEF445D-2A41-4079-B3CC-9E790F7B77BC}.Release|Any CPU.ActiveCfg = Release|Win32
		{ECEF445D-2A41-4079-B3CC-9E790F7B77BC}.Release|x64.ActiveCfg = Release|x64
		{ECEF445D-2A41-4079-B3CC-9E790F7B77BC}.Release|x64.Build.0 = Release|x64
		{ECEF445D-2A41-4079-B3CC-9E790F7B77BC}.Release|x86.ActiveCfg = Release|Win32
		{ECEF445D-2A41-4079-B3CC-9E790F7B77BC}.Release|x86.Build.0 = Release|Win32
	EndGlobalSection
	GlobalSection(SolutionProperties) = preSolution
		HideSolutionNode = FALSE
	EndGlobalSection
	GlobalSection(ExtensibilityGlobals) = postSolution
		SolutionGuid = {9071BEDE-6077-40C1-8F06-BB8D30919C24}
	EndGlobalSection
EndGlobal
