
Microsoft Visual Studio Solution File, Format Version 12.00
# Visual Studio Version 16
VisualStudioVersion = 16.0.31402.337
MinimumVisualStudioVersion = 10.0.40219.1
Project("{FAE04EC0-301F-11D3-BF4B-00C04F79EFBC}") = "QuickApp", "QuickApp\QuickApp.csproj", "{FD61E598-E6AC-4CAC-B39F-25F458B0B19A}"
EndProject
Global
	GlobalSection(SolutionConfigurationPlatforms) = preSolution
		Debug|Any CPU = Debug|Any CPU
		Release|Any CPU = Release|Any CPU
	EndGlobalSection
	GlobalSection(ProjectConfigurationPlatforms) = postSolution
		{FD61E598-E6AC-4CAC-B39F-25F458B0B19A}.Debug|Any CPU.ActiveCfg = Debug|Any CPU
		{FD61E598-E6AC-4CAC-B39F-25F458B0B19A}.Debug|Any CPU.Build.0 = Debug|Any CPU
		{FD61E598-E6AC-4CAC-B39F-25F458B0B19A}.Release|Any CPU.ActiveCfg = Release|Any CPU
		{FD61E598-E6AC-4CAC-B39F-25F458B0B19A}.Release|Any CPU.Build.0 = Release|Any CPU
	EndGlobalSection
	GlobalSection(SolutionProperties) = preSolution
		HideSolutionNode = FALSE
	EndGlobalSection
	GlobalSection(ExtensibilityGlobals) = postSolution
		SolutionGuid = {9071BEDE-6077-40C1-8F06-BB8D30919C24}
	EndGlobalSection
EndGlobal
